
Microsoft Visual Studio Solution File, Format Version 12.00
# Visual Studio Version 17
VisualStudioVersion = 17.5.002.0
MinimumVisualStudioVersion = 10.0.40219.1
Project("{9A19103F-16F7-4668-BE54-9A1E7A4F7556}") = "restRez", "restRez.csproj", "{117E2FB8-56B5-430C-ACDF-2B2EC0715013}"
EndProject
Global
	GlobalSection(SolutionConfigurationPlatforms) = preSolution
		Debug|Any CPU = Debug|Any CPU
		Release|Any CPU = Release|Any CPU
	EndGlobalSection
	GlobalSection(ProjectConfigurationPlatforms) = postSolution
		{117E2FB8-56B5-430C-ACDF-2B2EC0715013}.Debug|Any CPU.ActiveCfg = Debug|Any CPU
		{117E2FB8-56B5-430C-ACDF-2B2EC0715013}.Debug|Any CPU.Build.0 = Debug|Any CPU
		{117E2FB8-56B5-430C-ACDF-2B2EC0715013}.Release|Any CPU.ActiveCfg = Release|Any CPU
		{117E2FB8-56B5-430C-ACDF-2B2EC0715013}.Release|Any CPU.Build.0 = Release|Any CPU
	EndGlobalSection
	GlobalSection(SolutionProperties) = preSolution
		HideSolutionNode = FALSE
	EndGlobalSection
	GlobalSection(ExtensibilityGlobals) = postSolution
		SolutionGuid = {92D3F043-7E54-4CDE-8865-EC6755A35495}
	EndGlobalSection
EndGlobal
